
Microsoft Visual Studio Solution File, Format Version 12.00
# Visual Studio 15
VisualStudioVersion = 15.0.28307.757
MinimumVisualStudioVersion = 10.0.40219.1
Project("{FAE04EC0-301F-11D3-BF4B-00C04F79EFBC}") = "IOTMouthExamAPI", "IOTMouthExamAPI\IOTMouthExamAPI.csproj", "{A313FBD2-6292-4772-B519-0A1D0FA63039}"
EndProject
Project("{FAE04EC0-301F-11D3-BF4B-00C04F79EFBC}") = "DAL", "DAL\DAL.csproj", "{0978E74A-ED41-46B7-9319-FC9CF73B7E26}"
EndProject
Project("{FAE04EC0-301F-11D3-BF4B-00C04F79EFBC}") = "Model", "Model\Model.csproj", "{3F9D8A8A-B3C1-4C3D-B3B0-B8CBCA591EBE}"
EndProject
Global
	GlobalSection(SolutionConfigurationPlatforms) = preSolution
		Debug|Any CPU = Debug|Any CPU
		Release|Any CPU = Release|Any CPU
	EndGlobalSection
	GlobalSection(ProjectConfigurationPlatforms) = postSolution
		{A313FBD2-6292-4772-B519-0A1D0FA63039}.Debug|Any CPU.ActiveCfg = Debug|Any CPU
		{A313FBD2-6292-4772-B519-0A1D0FA63039}.Debug|Any CPU.Build.0 = Debug|Any CPU
		{A313FBD2-6292-4772-B519-0A1D0FA63039}.Release|Any CPU.ActiveCfg = Release|Any CPU
		{A313FBD2-6292-4772-B519-0A1D0FA63039}.Release|Any CPU.Build.0 = Release|Any CPU
		{0978E74A-ED41-46B7-9319-FC9CF73B7E26}.Debug|Any CPU.ActiveCfg = Debug|Any CPU
		{0978E74A-ED41-46B7-9319-FC9CF73B7E26}.Debug|Any CPU.Build.0 = Debug|Any CPU
		{0978E74A-ED41-46B7-9319-FC9CF73B7E26}.Release|Any CPU.ActiveCfg = Release|Any CPU
		{0978E74A-ED41-46B7-9319-FC9CF73B7E26}.Release|Any CPU.Build.0 = Release|Any CPU
		{3F9D8A8A-B3C1-4C3D-B3B0-B8CBCA591EBE}.Debug|Any CPU.ActiveCfg = Debug|Any CPU
		{3F9D8A8A-B3C1-4C3D-B3B0-B8CBCA591EBE}.Debug|Any CPU.Build.0 = Debug|Any CPU
		{3F9D8A8A-B3C1-4C3D-B3B0-B8CBCA591EBE}.Release|Any CPU.ActiveCfg = Release|Any CPU
		{3F9D8A8A-B3C1-4C3D-B3B0-B8CBCA591EBE}.Release|Any CPU.Build.0 = Release|Any CPU
	EndGlobalSection
	GlobalSection(SolutionProperties) = preSolution
		HideSolutionNode = FALSE
	EndGlobalSection
	GlobalSection(ExtensibilityGlobals) = postSolution
		SolutionGuid = {A2D9E836-4370-455E-B39F-ACB54223FC42}
	EndGlobalSection
EndGlobal
